
Microsoft Visual Studio Solution File, Format Version 12.00
# Visual Studio Version 16
VisualStudioVersion = 16.0.29009.5
MinimumVisualStudioVersion = 10.0.40219.1
Project("{2150E333-8FDC-42A3-9474-1A3956D46DE8}") = "Shared", "Shared", "{73A22D53-2675-4449-9AD9-97BBC1EDDB69}"
EndProject
Project("{9A19103F-16F7-4668-BE54-9A1E7A4F7556}") = "Webet333.admin", "Webet333.admin\Webet333.admin.csproj", "{20EC9179-392B-43D4-990C-D143036EED87}"
EndProject
Project("{9A19103F-16F7-4668-BE54-9A1E7A4F7556}") = "Webet333.security", "Webet333.security\Webet333.security.csproj", "{85AC3211-7763-4108-B770-8F2572A6BF78}"
EndProject
Project("{9A19103F-16F7-4668-BE54-9A1E7A4F7556}") = "Webet333.dapper", "Webet333.dapper\Webet333.dapper.csproj", "{088E5B4C-2219-4C23-92DC-0450BE7C9F85}"
EndProject
Project("{9A19103F-16F7-4668-BE54-9A1E7A4F7556}") = "Webet333.dapper.interfaces", "Webet333.dapper.interfaces\Webet333.dapper.interfaces.csproj", "{74C94364-07E1-46C9-BD60-AE7C86265157}"
EndProject
Project("{9A19103F-16F7-4668-BE54-9A1E7A4F7556}") = "Webet333.files", "Webet333.files\Webet333.files.csproj", "{AD262C85-B88A-4941-8122-498408CD9E7C}"
EndProject
Project("{9A19103F-16F7-4668-BE54-9A1E7A4F7556}") = "Webet333.files.interfaces", "Webet333.files.interfaces\Webet333.files.interfaces.csproj", "{9DA7A649-074E-4571-A253-A2902FACF385}"
EndProject
Project("{9A19103F-16F7-4668-BE54-9A1E7A4F7556}") = "Webet333.logs", "Webet333.logs\Webet333.logs.csproj", "{B78B3C13-2E16-4C69-9BB5-0D21E768A262}"
EndProject
Project("{9A19103F-16F7-4668-BE54-9A1E7A4F7556}") = "Webet333.logs.interfaces", "Webet333.logs.interfaces\Webet333.logs.interfaces.csproj", "{A84E6372-38A9-419C-BA00-C008A7FEE2F0}"
EndProject
Project("{9A19103F-16F7-4668-BE54-9A1E7A4F7556}") = "Webet333.models", "Webet333.models\Webet333.models.csproj", "{00D2EECF-2224-4299-AD85-14A687A48681}"
EndProject
Project("{9A19103F-16F7-4668-BE54-9A1E7A4F7556}") = "Webet333.notify", "Webet333.notify\Webet333.notify.csproj", "{C362C0D4-DA56-413E-BE35-1324BCF38403}"
EndProject
Project("{9A19103F-16F7-4668-BE54-9A1E7A4F7556}") = "Webet333.notify.interfaces", "Webet333.notify.interfaces\Webet333.notify.interfaces.csproj", "{94589D3E-3A92-4462-AA0B-97AC399161C3}"
EndProject
Project("{9A19103F-16F7-4668-BE54-9A1E7A4F7556}") = "Webet333.api", "Webet333.api\Webet333.api.csproj", "{78AC1CBF-786C-47EF-85F7-67A336602D17}"
EndProject
Project("{9A19103F-16F7-4668-BE54-9A1E7A4F7556}") = "Webet333.web", "Webet333.web\Webet333.web.csproj", "{84BD6D1B-19FD-4D55-AFBD-4D3B9D41C934}"
EndProject
Project("{9A19103F-16F7-4668-BE54-9A1E7A4F7556}") = "Webet333.queue", "Webet333.queue\Webet333.queue.csproj", "{DF774FE1-7501-4070-A454-E0F792969D91}"
EndProject
Project("{9A19103F-16F7-4668-BE54-9A1E7A4F7556}") = "Webet333.WindowsService", "Webet333.WindowsService\Webet333.WindowsService.csproj", "{6BBD12DC-8ADE-45C7-B8CB-D2EC9B406286}"
EndProject
Global
	GlobalSection(SolutionConfigurationPlatforms) = preSolution
		Debug|Any CPU = Debug|Any CPU
		Release|Any CPU = Release|Any CPU
		Stag|Any CPU = Stag|Any CPU
	EndGlobalSection
	GlobalSection(ProjectConfigurationPlatforms) = postSolution
		{20EC9179-392B-43D4-990C-D143036EED87}.Debug|Any CPU.ActiveCfg = Debug|Any CPU
		{20EC9179-392B-43D4-990C-D143036EED87}.Debug|Any CPU.Build.0 = Debug|Any CPU
		{20EC9179-392B-43D4-990C-D143036EED87}.Release|Any CPU.ActiveCfg = Release|Any CPU
		{20EC9179-392B-43D4-990C-D143036EED87}.Release|Any CPU.Build.0 = Release|Any CPU
		{20EC9179-392B-43D4-990C-D143036EED87}.Stag|Any CPU.ActiveCfg = Stag|Any CPU
		{20EC9179-392B-43D4-990C-D143036EED87}.Stag|Any CPU.Build.0 = Stag|Any CPU
		{85AC3211-7763-4108-B770-8F2572A6BF78}.Debug|Any CPU.ActiveCfg = Debug|Any CPU
		{85AC3211-7763-4108-B770-8F2572A6BF78}.Debug|Any CPU.Build.0 = Debug|Any CPU
		{85AC3211-7763-4108-B770-8F2572A6BF78}.Release|Any CPU.ActiveCfg = Release|Any CPU
		{85AC3211-7763-4108-B770-8F2572A6BF78}.Release|Any CPU.Build.0 = Release|Any CPU
		{85AC3211-7763-4108-B770-8F2572A6BF78}.Stag|Any CPU.ActiveCfg = Stag|Any CPU
		{85AC3211-7763-4108-B770-8F2572A6BF78}.Stag|Any CPU.Build.0 = Stag|Any CPU
		{088E5B4C-2219-4C23-92DC-0450BE7C9F85}.Debug|Any CPU.ActiveCfg = Debug|Any CPU
		{088E5B4C-2219-4C23-92DC-0450BE7C9F85}.Debug|Any CPU.Build.0 = Debug|Any CPU
		{088E5B4C-2219-4C23-92DC-0450BE7C9F85}.Release|Any CPU.ActiveCfg = Release|Any CPU
		{088E5B4C-2219-4C23-92DC-0450BE7C9F85}.Release|Any CPU.Build.0 = Release|Any CPU
		{088E5B4C-2219-4C23-92DC-0450BE7C9F85}.Stag|Any CPU.ActiveCfg = Stag|Any CPU
		{088E5B4C-2219-4C23-92DC-0450BE7C9F85}.Stag|Any CPU.Build.0 = Stag|Any CPU
		{74C94364-07E1-46C9-BD60-AE7C86265157}.Debug|Any CPU.ActiveCfg = Debug|Any CPU
		{74C94364-07E1-46C9-BD60-AE7C86265157}.Debug|Any CPU.Build.0 = Debug|Any CPU
		{74C94364-07E1-46C9-BD60-AE7C86265157}.Release|Any CPU.ActiveCfg = Release|Any CPU
		{74C94364-07E1-46C9-BD60-AE7C86265157}.Release|Any CPU.Build.0 = Release|Any CPU
		{74C94364-07E1-46C9-BD60-AE7C86265157}.Stag|Any CPU.ActiveCfg = Stag|Any CPU
		{74C94364-07E1-46C9-BD60-AE7C86265157}.Stag|Any CPU.Build.0 = Stag|Any CPU
		{AD262C85-B88A-4941-8122-498408CD9E7C}.Debug|Any CPU.ActiveCfg = Debug|Any CPU
		{AD262C85-B88A-4941-8122-498408CD9E7C}.Debug|Any CPU.Build.0 = Debug|Any CPU
		{AD262C85-B88A-4941-8122-498408CD9E7C}.Release|Any CPU.ActiveCfg = Release|Any CPU
		{AD262C85-B88A-4941-8122-498408CD9E7C}.Release|Any CPU.Build.0 = Release|Any CPU
		{AD262C85-B88A-4941-8122-498408CD9E7C}.Stag|Any CPU.ActiveCfg = Stag|Any CPU
		{AD262C85-B88A-4941-8122-498408CD9E7C}.Stag|Any CPU.Build.0 = Stag|Any CPU
		{9DA7A649-074E-4571-A253-A2902FACF385}.Debug|Any CPU.ActiveCfg = Debug|Any CPU
		{9DA7A649-074E-4571-A253-A2902FACF385}.Debug|Any CPU.Build.0 = Debug|Any CPU
		{9DA7A649-074E-4571-A253-A2902FACF385}.Release|Any CPU.ActiveCfg = Release|Any CPU
		{9DA7A649-074E-4571-A253-A2902FACF385}.Release|Any CPU.Build.0 = Release|Any CPU
		{9DA7A649-074E-4571-A253-A2902FACF385}.Stag|Any CPU.ActiveCfg = Stag|Any CPU
		{9DA7A649-074E-4571-A253-A2902FACF385}.Stag|Any CPU.Build.0 = Stag|Any CPU
		{B78B3C13-2E16-4C69-9BB5-0D21E768A262}.Debug|Any CPU.ActiveCfg = Debug|Any CPU
		{B78B3C13-2E16-4C69-9BB5-0D21E768A262}.Debug|Any CPU.Build.0 = Debug|Any CPU
		{B78B3C13-2E16-4C69-9BB5-0D21E768A262}.Release|Any CPU.ActiveCfg = Release|Any CPU
		{B78B3C13-2E16-4C69-9BB5-0D21E768A262}.Release|Any CPU.Build.0 = Release|Any CPU
		{B78B3C13-2E16-4C69-9BB5-0D21E768A262}.Stag|Any CPU.ActiveCfg = Stag|Any CPU
		{B78B3C13-2E16-4C69-9BB5-0D21E768A262}.Stag|Any CPU.Build.0 = Stag|Any CPU
		{A84E6372-38A9-419C-BA00-C008A7FEE2F0}.Debug|Any CPU.ActiveCfg = Debug|Any CPU
		{A84E6372-38A9-419C-BA00-C008A7FEE2F0}.Debug|Any CPU.Build.0 = Debug|Any CPU
		{A84E6372-38A9-419C-BA00-C008A7FEE2F0}.Release|Any CPU.ActiveCfg = Release|Any CPU
		{A84E6372-38A9-419C-BA00-C008A7FEE2F0}.Release|Any CPU.Build.0 = Release|Any CPU
		{A84E6372-38A9-419C-BA00-C008A7FEE2F0}.Stag|Any CPU.ActiveCfg = Stag|Any CPU
		{A84E6372-38A9-419C-BA00-C008A7FEE2F0}.Stag|Any CPU.Build.0 = Stag|Any CPU
		{00D2EECF-2224-4299-AD85-14A687A48681}.Debug|Any CPU.ActiveCfg = Debug|Any CPU
		{00D2EECF-2224-4299-AD85-14A687A48681}.Debug|Any CPU.Build.0 = Debug|Any CPU
		{00D2EECF-2224-4299-AD85-14A687A48681}.Release|Any CPU.ActiveCfg = Release|Any CPU
		{00D2EECF-2224-4299-AD85-14A687A48681}.Release|Any CPU.Build.0 = Release|Any CPU
		{00D2EECF-2224-4299-AD85-14A687A48681}.Stag|Any CPU.ActiveCfg = Stag|Any CPU
		{00D2EECF-2224-4299-AD85-14A687A48681}.Stag|Any CPU.Build.0 = Stag|Any CPU
		{C362C0D4-DA56-413E-BE35-1324BCF38403}.Debug|Any CPU.ActiveCfg = Debug|Any CPU
		{C362C0D4-DA56-413E-BE35-1324BCF38403}.Debug|Any CPU.Build.0 = Debug|Any CPU
		{C362C0D4-DA56-413E-BE35-1324BCF38403}.Release|Any CPU.ActiveCfg = Release|Any CPU
		{C362C0D4-DA56-413E-BE35-1324BCF38403}.Release|Any CPU.Build.0 = Release|Any CPU
		{C362C0D4-DA56-413E-BE35-1324BCF38403}.Stag|Any CPU.ActiveCfg = Stag|Any CPU
		{C362C0D4-DA56-413E-BE35-1324BCF38403}.Stag|Any CPU.Build.0 = Stag|Any CPU
		{94589D3E-3A92-4462-AA0B-97AC399161C3}.Debug|Any CPU.ActiveCfg = Debug|Any CPU
		{94589D3E-3A92-4462-AA0B-97AC399161C3}.Debug|Any CPU.Build.0 = Debug|Any CPU
		{94589D3E-3A92-4462-AA0B-97AC399161C3}.Release|Any CPU.ActiveCfg = Release|Any CPU
		{94589D3E-3A92-4462-AA0B-97AC399161C3}.Release|Any CPU.Build.0 = Release|Any CPU
		{94589D3E-3A92-4462-AA0B-97AC399161C3}.Stag|Any CPU.ActiveCfg = Stag|Any CPU
		{94589D3E-3A92-4462-AA0B-97AC399161C3}.Stag|Any CPU.Build.0 = Stag|Any CPU
		{78AC1CBF-786C-47EF-85F7-67A336602D17}.Debug|Any CPU.ActiveCfg = Debug|Any CPU
		{78AC1CBF-786C-47EF-85F7-67A336602D17}.Debug|Any CPU.Build.0 = Debug|Any CPU
		{78AC1CBF-786C-47EF-85F7-67A336602D17}.Release|Any CPU.ActiveCfg = Release|Any CPU
		{78AC1CBF-786C-47EF-85F7-67A336602D17}.Release|Any CPU.Build.0 = Release|Any CPU
		{78AC1CBF-786C-47EF-85F7-67A336602D17}.Stag|Any CPU.ActiveCfg = Stag|Any CPU
		{78AC1CBF-786C-47EF-85F7-67A336602D17}.Stag|Any CPU.Build.0 = Stag|Any CPU
		{84BD6D1B-19FD-4D55-AFBD-4D3B9D41C934}.Debug|Any CPU.ActiveCfg = Debug|Any CPU
		{84BD6D1B-19FD-4D55-AFBD-4D3B9D41C934}.Debug|Any CPU.Build.0 = Debug|Any CPU
		{84BD6D1B-19FD-4D55-AFBD-4D3B9D41C934}.Release|Any CPU.ActiveCfg = Release|Any CPU
		{84BD6D1B-19FD-4D55-AFBD-4D3B9D41C934}.Release|Any CPU.Build.0 = Release|Any CPU
		{84BD6D1B-19FD-4D55-AFBD-4D3B9D41C934}.Stag|Any CPU.ActiveCfg = Stag|Any CPU
		{84BD6D1B-19FD-4D55-AFBD-4D3B9D41C934}.Stag|Any CPU.Build.0 = Stag|Any CPU
		{DF774FE1-7501-4070-A454-E0F792969D91}.Debug|Any CPU.ActiveCfg = Debug|Any CPU
		{DF774FE1-7501-4070-A454-E0F792969D91}.Debug|Any CPU.Build.0 = Debug|Any CPU
		{DF774FE1-7501-4070-A454-E0F792969D91}.Release|Any CPU.ActiveCfg = Release|Any CPU
		{DF774FE1-7501-4070-A454-E0F792969D91}.Release|Any CPU.Build.0 = Release|Any CPU
		{DF774FE1-7501-4070-A454-E0F792969D91}.Stag|Any CPU.ActiveCfg = Debug|Any CPU
		{DF774FE1-7501-4070-A454-E0F792969D91}.Stag|Any CPU.Build.0 = Debug|Any CPU
		{6BBD12DC-8ADE-45C7-B8CB-D2EC9B406286}.Debug|Any CPU.ActiveCfg = Debug|Any CPU
		{6BBD12DC-8ADE-45C7-B8CB-D2EC9B406286}.Debug|Any CPU.Build.0 = Debug|Any CPU
		{6BBD12DC-8ADE-45C7-B8CB-D2EC9B406286}.Release|Any CPU.ActiveCfg = Release|Any CPU
		{6BBD12DC-8ADE-45C7-B8CB-D2EC9B406286}.Release|Any CPU.Build.0 = Release|Any CPU
		{6BBD12DC-8ADE-45C7-B8CB-D2EC9B406286}.Stag|Any CPU.ActiveCfg = Debug|Any CPU
		{6BBD12DC-8ADE-45C7-B8CB-D2EC9B406286}.Stag|Any CPU.Build.0 = Debug|Any CPU
	EndGlobalSection
	GlobalSection(SolutionProperties) = preSolution
		HideSolutionNode = FALSE
	EndGlobalSection
	GlobalSection(NestedProjects) = preSolution
		{85AC3211-7763-4108-B770-8F2572A6BF78} = {73A22D53-2675-4449-9AD9-97BBC1EDDB69}
		{088E5B4C-2219-4C23-92DC-0450BE7C9F85} = {73A22D53-2675-4449-9AD9-97BBC1EDDB69}
		{74C94364-07E1-46C9-BD60-AE7C86265157} = {73A22D53-2675-4449-9AD9-97BBC1EDDB69}
		{AD262C85-B88A-4941-8122-498408CD9E7C} = {73A22D53-2675-4449-9AD9-97BBC1EDDB69}
		{9DA7A649-074E-4571-A253-A2902FACF385} = {73A22D53-2675-4449-9AD9-97BBC1EDDB69}
		{B78B3C13-2E16-4C69-9BB5-0D21E768A262} = {73A22D53-2675-4449-9AD9-97BBC1EDDB69}
		{A84E6372-38A9-419C-BA00-C008A7FEE2F0} = {73A22D53-2675-4449-9AD9-97BBC1EDDB69}
		{00D2EECF-2224-4299-AD85-14A687A48681} = {73A22D53-2675-4449-9AD9-97BBC1EDDB69}
		{C362C0D4-DA56-413E-BE35-1324BCF38403} = {73A22D53-2675-4449-9AD9-97BBC1EDDB69}
		{94589D3E-3A92-4462-AA0B-97AC399161C3} = {73A22D53-2675-4449-9AD9-97BBC1EDDB69}
		{DF774FE1-7501-4070-A454-E0F792969D91} = {73A22D53-2675-4449-9AD9-97BBC1EDDB69}
	EndGlobalSection
	GlobalSection(ExtensibilityGlobals) = postSolution
		SolutionGuid = {5065A41A-C994-46B1-94AF-8FC22ABD7133}
	EndGlobalSection
EndGlobal
